
Microsoft Visual Studio Solution File, Format Version 12.00
Project("{FAE04EC0-301F-11D3-BF4B-00C04F79EFBC}") = "Server", "Server\Server.csproj", "{6CBC0842-935A-4CD0-B481-AAF3B453970E}"
EndProject
Project("{2150E333-8FDC-42A3-9474-1A3956D46DE8}") = "Client.TUI", "Client.TUI", "{70F05F95-6DB4-43A2-970C-6242E9EAD6E8}"
EndProject
Global
	GlobalSection(SolutionConfigurationPlatforms) = preSolution
		Debug|Any CPU = Debug|Any CPU
		Release|Any CPU = Release|Any CPU
	EndGlobalSection
	GlobalSection(ProjectConfigurationPlatforms) = postSolution
		{6CBC0842-935A-4CD0-B481-AAF3B453970E}.Debug|Any CPU.ActiveCfg = Debug|Any CPU
		{6CBC0842-935A-4CD0-B481-AAF3B453970E}.Debug|Any CPU.Build.0 = Debug|Any CPU
		{6CBC0842-935A-4CD0-B481-AAF3B453970E}.Release|Any CPU.ActiveCfg = Release|Any CPU
		{6CBC0842-935A-4CD0-B481-AAF3B453970E}.Release|Any CPU.Build.0 = Release|Any CPU
	EndGlobalSection
EndGlobal
